# This file was autogenerated by Stack.
# You should not edit this file by hand.
# For more information, please see the documentation at:
#   https://docs.haskellstack.org/en/stable/lock_files

packages:
- completed:
    name: linear-base
    version: 0.1.0.0
    git: https://github.com/tweag/linear-base.git
    pantry-tree:
      size: 6510
      sha256: 85c15639e36aa0c9ca9665cf73addf88cb308850cbaf52d78f8a09372317ba6d
    commit: 7e5504f87c15e2d3a5096b4f3b86d8a618cf6fb0
  original:
    git: https://github.com/tweag/linear-base.git
    commit: 7e5504f87c15e2d3a5096b4f3b86d8a618cf6fb0
snapshots:
- completed:
    size: 560073
    url: https://raw.githubusercontent.com/commercialhaskell/stackage-snapshots/master/nightly/2021/1/1.yaml
    sha256: 99d1736dbf5b81edeb19117f2f466fb05f0112d3eaa94c2a6915894b4f58e9fc
  original: nightly-2021-01-01
